# This file is automatically @generated by Poetry 1.8.5 and should not be changed by hand.
package = []

[extras]
dev = []
file-based = []
sql = []
vector-db-based = []

[metadata]
lock-version = "2.0"
python-versions = "*"
content-hash = "5e53d99a8ba31dd9a4600f9221b9a630bb71a1686d0d046be4b4941f24be6215"
